
Microsoft Visual Studio Solution File, Format Version 12.00
# Visual Studio Version 16
VisualStudioVersion = 16.0.35731.53
MinimumVisualStudioVersion = 10.0.40219.1
Project("{FAE04EC0-301F-11D3-BF4B-00C04F79EFBC}") = "InfoService", "InfoService\InfoService.csproj", "{F5FC1601-A55D-4CA9-8CBF-97EF7573AC5D}"
EndProject
Project("{FAE04EC0-301F-11D3-BF4B-00C04F79EFBC}") = "InfoServicePluginLoader", "InfoServicePluginLoader\InfoServicePluginLoader.csproj", "{E5FE0F46-168F-4F9E-9FEF-272356DD4425}"
EndProject
Global
	GlobalSection(SolutionConfigurationPlatforms) = preSolution
		Debug|Any CPU = Debug|Any CPU
		Release|Any CPU = Release|Any CPU
	EndGlobalSection
	GlobalSection(ProjectConfigurationPlatforms) = postSolution
		{F5FC1601-A55D-4CA9-8CBF-97EF7573AC5D}.Debug|Any CPU.ActiveCfg = Debug|Any CPU
		{F5FC1601-A55D-4CA9-8CBF-97EF7573AC5D}.Debug|Any CPU.Build.0 = Debug|Any CPU
		{F5FC1601-A55D-4CA9-8CBF-97EF7573AC5D}.Release|Any CPU.ActiveCfg = Release|Any CPU
		{F5FC1601-A55D-4CA9-8CBF-97EF7573AC5D}.Release|Any CPU.Build.0 = Release|Any CPU
		{E5FE0F46-168F-4F9E-9FEF-272356DD4425}.Debug|Any CPU.ActiveCfg = Debug|Any CPU
		{E5FE0F46-168F-4F9E-9FEF-272356DD4425}.Debug|Any CPU.Build.0 = Debug|Any CPU
		{E5FE0F46-168F-4F9E-9FEF-272356DD4425}.Release|Any CPU.ActiveCfg = Release|Any CPU
		{E5FE0F46-168F-4F9E-9FEF-272356DD4425}.Release|Any CPU.Build.0 = Release|Any CPU
	EndGlobalSection
	GlobalSection(SolutionProperties) = preSolution
		HideSolutionNode = FALSE
	EndGlobalSection
	GlobalSection(ExtensibilityGlobals) = postSolution
		SolutionGuid = {6BA518D0-ECD3-41FE-8BD9-E6BA1960DB2C}
	EndGlobalSection
EndGlobal
